[[package]]
name = "apscheduler"
version = "3.8.1"
description = "In-process task scheduler with Cron-like capabilities"
category = "main"
optional = false
python-versions = ">=2.7, !=3.0.*, !=3.1.*, !=3.2.*, !=3.3.*, !=3.4.*, <4"

[package.dependencies]
pytz = "*"
six = ">=1.4.0"
tzlocal = ">=2.0,<3.0.0 || >=4.0.0"

[package.extras]
asyncio = ["trollius"]
doc = ["sphinx", "sphinx-rtd-theme"]
gevent = ["gevent"]
mongodb = ["pymongo (>=3.0)"]
redis = ["redis (>=3.0)"]
rethinkdb = ["rethinkdb (>=2.4.0)"]
sqlalchemy = ["sqlalchemy (>=0.8)"]
testing = ["pytest (<6)", "pytest-cov", "pytest-tornado5", "mock", "pytest-asyncio (<0.6)", "pytest-asyncio"]
tornado = ["tornado (>=4.3)"]
twisted = ["twisted"]
zookeeper = ["kazoo"]

[[package]]
name = "paho-mqtt"
version = "1.6.1"
description = "MQTT version 5.0/3.1.1 client class"
category = "main"
optional = false
python-versions = "*"

[package.extras]
proxy = ["pysocks"]

[[package]]
name = "pytz"
version = "2021.3"
description = "World timezone definitions, modern and historical"
category = "main"
optional = false
python-versions = "*"

[[package]]
name = "pytz-deprecation-shim"
version = "0.1.0.post0"
description = "Shims to make deprecation of pytz easier"
category = "main"
optional = false
python-versions = "!=3.0.*,!=3.1.*,!=3.2.*,!=3.3.*,!=3.4.*,!=3.5.*,>=2.7"

[package.dependencies]
tzdata = {version = "*", markers = "python_version >= \"3.6\""}

[[package]]
name = "six"
version = "1.16.0"
description = "Python 2 and 3 compatibility utilities"
category = "main"
optional = false
python-versions = ">=2.7, !=3.0.*, !=3.1.*, !=3.2.*"

[[package]]
name = "tzdata"
version = "2021.5"
description = "Provider of IANA time zone data"
category = "main"
optional = false
python-versions = ">=2"

[[package]]
name = "tzlocal"
version = "4.1"
description = "tzinfo object for the local timezone"
category = "main"
optional = false
python-versions = ">=3.6"

[package.dependencies]
pytz-deprecation-shim = "*"
tzdata = {version = "*", markers = "platform_system == \"Windows\""}

[package.extras]
devenv = ["black", "pyroma", "pytest-cov", "zest.releaser"]
test = ["pytest-mock (>=3.3)", "pytest (>=4.3)"]

[metadata]
lock-version = "1.1"
python-versions = "^3.9"
content-hash = "d7a25626d6ebd05ae0dd180c95316a1ab33cdb8afeef56d168082f53ba5cf81c"

[metadata.files]
apscheduler = [
    {file = "APScheduler-3.8.1-py2.py3-none-any.whl", hash = "sha256:c22cb14b411a31435eb2c530dfbbec948ac63015b517087c7978adb61b574865"},
    {file = "APScheduler-3.8.1.tar.gz", hash = "sha256:5cf344ebcfbdaa48ae178c029c055cec7bc7a4a47c21e315e4d1f08bd35f2355"},
]
paho-mqtt = [
    {file = "paho-mqtt-1.6.1.tar.gz", hash = "sha256:2a8291c81623aec00372b5a85558a372c747cbca8e9934dfe218638b8eefc26f"},
]
pytz = [
    {file = "pytz-2021.3-py2.py3-none-any.whl", hash = "sha256:3672058bc3453457b622aab7a1c3bfd5ab0bdae451512f6cf25f64ed37f5b87c"},
    {file = "pytz-2021.3.tar.gz", hash = "sha256:acad2d8b20a1af07d4e4c9d2e9285c5ed9104354062f275f3fcd88dcef4f1326"},
]
pytz-deprecation-shim = [
    {file = "pytz_deprecation_shim-0.1.0.post0-py2.py3-none-any.whl", hash = "sha256:8314c9692a636c8eb3bda879b9f119e350e93223ae83e70e80c31675a0fdc1a6"},
    {file = "pytz_deprecation_shim-0.1.0.post0.tar.gz", hash = "sha256:af097bae1b616dde5c5744441e2ddc69e74dfdcb0c263129610d85b87445a59d"},
]
six = [
    {file = "six-1.16.0-py2.py3-none-any.whl", hash = "sha256:8abb2f1d86890a2dfb989f9a77cfcfd3e47c2a354b01111771326f8aa26e0254"},
    {file = "six-1.16.0.tar.gz", hash = "sha256:1e61c37477a1626458e36f7b1d82aa5c9b094fa4802892072e49de9c60c4c926"},
]
tzdata = [
    {file = "tzdata-2021.5-py2.py3-none-any.whl", hash = "sha256:3eee491e22ebfe1e5cfcc97a4137cd70f092ce59144d81f8924a844de05ba8f5"},
    {file = "tzdata-2021.5.tar.gz", hash = "sha256:68dbe41afd01b867894bbdfd54fa03f468cfa4f0086bfb4adcd8de8f24f3ee21"},
]
tzlocal = [
    {file = "tzlocal-4.1-py3-none-any.whl", hash = "sha256:28ba8d9fcb6c9a782d6e0078b4f6627af1ea26aeaa32b4eab5324abc7df4149f"},
    {file = "tzlocal-4.1.tar.gz", hash = "sha256:0f28015ac68a5c067210400a9197fc5d36ba9bc3f8eaf1da3cbd59acdfed9e09"},
]
